
Microsoft Visual Studio Solution File, Format Version 12.00
# Visual Studio Version 17
VisualStudioVersion = 17.0.32126.317
MinimumVisualStudioVersion = 10.0.40219.1
Project("{9A19103F-16F7-4668-BE54-9A1E7A4F7556}") = "ArmTemplates", "ArmTemplates\ArmTemplates.csproj", "{81456888-17C8-40D2-8095-4E53F4766B7A}"
EndProject
Project("{151D2E53-A2C4-4D7D-83FE-D05416EBD58E}") = "ArmTemplates.Templates", "ArmTemplates.Templates\ArmTemplates.Templates.deployproj", "{CE05FDA4-F5D7-4C2B-9B26-153D77214073}"
EndProject
Global
	GlobalSection(SolutionConfigurationPlatforms) = preSolution
		Debug|Any CPU = Debug|Any CPU
		Release|Any CPU = Release|Any CPU
	EndGlobalSection
	GlobalSection(ProjectConfigurationPlatforms) = postSolution
		{81456888-17C8-40D2-8095-4E53F4766B7A}.Debug|Any CPU.ActiveCfg = Debug|Any CPU
		{81456888-17C8-40D2-8095-4E53F4766B7A}.Debug|Any CPU.Build.0 = Debug|Any CPU
		{81456888-17C8-40D2-8095-4E53F4766B7A}.Release|Any CPU.ActiveCfg = Release|Any CPU
		{81456888-17C8-40D2-8095-4E53F4766B7A}.Release|Any CPU.Build.0 = Release|Any CPU
		{CE05FDA4-F5D7-4C2B-9B26-153D77214073}.Debug|Any CPU.ActiveCfg = Debug|Any CPU
		{CE05FDA4-F5D7-4C2B-9B26-153D77214073}.Debug|Any CPU.Build.0 = Debug|Any CPU
		{CE05FDA4-F5D7-4C2B-9B26-153D77214073}.Release|Any CPU.ActiveCfg = Release|Any CPU
		{CE05FDA4-F5D7-4C2B-9B26-153D77214073}.Release|Any CPU.Build.0 = Release|Any CPU
	EndGlobalSection
	GlobalSection(SolutionProperties) = preSolution
		HideSolutionNode = FALSE
	EndGlobalSection
	GlobalSection(ExtensibilityGlobals) = postSolution
		SolutionGuid = {52F5AD51-381B-466A-9CB9-958A7B673ABA}
	EndGlobalSection
EndGlobal
